github.com/go-logfmt/logfmt v0.6.0 h1:wGYYu3uicYdqXVgoYbvnkrPVXkuLM1p1ifugDMEdRi4=
github.com/go-logfmt/logfmt v0.6.0/go.mod h1:WYhtIu8zTZfxdn5+rREduYbwxfcBr/Vr6KEVveWlfTs=
github.com/godror/godror v0.44.8 h1:20AAK8BWZasXuRkX/vhbSpnAqBMXB9fngsdfMJ4pNgU=
github.com/godror/godror v0.44.8/go.mod h1:KJwMtQpK9o3WdEiNw7qvgSk827YDLj9MV/bXSzvUzlo=
github.com/godror/knownpb v0.1.2 h1:icMyYsYVpGmzhoVA01xyd0o4EaubR31JPK1UxQWe4kM=
github.com/godror/knownpb v0.1.2/go.mod h1:zs9hH+lwj7mnPHPnKCcxdOGz38Axa9uT+97Ng+Nnu5s=
github.com/gorilla/mux v1.8.1 h1:TuBL49tXwgrFYWhqrNgrUNEY92u81SPhu7sTdzQEiWY=
github.com/gorilla/mux v1.8.1/go.mod h1:AKf9I4AEqPTmMytcMc0KkNouC66V3BtZ4qD5fmWSiMQ=
github.com/sijms/go-ora/v2 v2.8.21 h1:zhvaKaJzgEn+jq7TJF8YlY4H0P5RHxGc99y9QNoeU+s=
github.com/sijms/go-ora/v2 v2.8.21/go.mod h1:QgFInVi3ZWyqAiJwzBQA+nbKYKH77tdp1PYoCqhR2dU=
golang.org/x/exp v0.0.0-20240719175910-8a7402abbf56 h1:2dVuKD2vS7b0QIHQbpyTISPd0LeHDbnYEryqj5Q1ug8=
golang.org/x/exp v0.0.0-20240719175910-8a7402abbf56/go.mod h1:M4RDyNAINzryxdtnbRXRL/OHtkFuWGRjvuhBJpk2IlY=
google.golang.org/protobuf v1.34.2 h1:6xV6lTsCfpGD21XK49h7MhtcApnLqkfYgPcdHftf6hg=
google.golang.org/protobuf v1.34.2/go.mod h1:qYOHts0dSfpeUzUFpOMr/WGzszTmLH+DiWniOlNbLDw=
